
Microsoft Visual Studio Solution File, Format Version 12.00
# Visual Studio Version 17
VisualStudioVersion = 17.8.34511.84
MinimumVisualStudioVersion = 10.0.40219.1
Project("{FAE04EC0-301F-11D3-BF4B-00C04F79EFBC}") = "Projekt2", "Projekt2.csproj", "{7114A054-C669-40A5-83ED-D361B0A44CB8}"
EndProject
Global
	GlobalSection(SolutionConfigurationPlatforms) = preSolution
		Debug|Any CPU = Debug|Any CPU
		Release|Any CPU = Release|Any CPU
	EndGlobalSection
	GlobalSection(ProjectConfigurationPlatforms) = postSolution
		{7114A054-C669-40A5-83ED-D361B0A44CB8}.Debug|Any CPU.ActiveCfg = Debug|Any CPU
		{7114A054-C669-40A5-83ED-D361B0A44CB8}.Debug|Any CPU.Build.0 = Debug|Any CPU
		{7114A054-C669-40A5-83ED-D361B0A44CB8}.Release|Any CPU.ActiveCfg = Release|Any CPU
		{7114A054-C669-40A5-83ED-D361B0A44CB8}.Release|Any CPU.Build.0 = Release|Any CPU
	EndGlobalSection
	GlobalSection(SolutionProperties) = preSolution
		HideSolutionNode = FALSE
	EndGlobalSection
	GlobalSection(ExtensibilityGlobals) = postSolution
		SolutionGuid = {5201947F-E1D4-45A9-98B3-2579D7BDA35D}
	EndGlobalSection
EndGlobal
